// !$*UTF8*$!
{
	archiveVersion = 1;
	classes = {
	};
	objectVersion = 50;
	objects = {

/* Begin PBXBuildFile section */
		E88FE9952361976D00D13930 /* AppDelegate.swift in Sources */ = {isa = PBXBuildFile; fileRef = E88FE9942361976D00D13930 /* AppDelegate.swift */; };
		E88FE9972361976D00D13930 /* SceneDelegate.swift in Sources */ = {isa = PBXBuildFile; fileRef = E88FE9962361976D00D13930 /* SceneDelegate.swift */; };
		E88FE9992361976D00D13930 /* HomeViewController.swift in Sources */ = {isa = PBXBuildFile; fileRef = E88FE9982361976D00D13930 /* HomeViewController.swift */; };
		E88FE99E2361976E00D13930 /* Assets.xcassets in Resources */ = {isa = PBXBuildFile; fileRef = E88FE99D2361976E00D13930 /* Assets.xcassets */; };
		E88FE9A12361976E00D13930 /* LaunchScreen.storyboard in Resources */ = {isa = PBXBuildFile; fileRef = E88FE99F2361976E00D13930 /* LaunchScreen.storyboard */; };
		E88FE9AC2361976E00D13930 /* Favorite_PlacesTests.swift in Sources */ = {isa = PBXBuildFile; fileRef = E88FE9AB2361976E00D13930 /* Favorite_PlacesTests.swift */; };
		E88FE9B72361976E00D13930 /* Favorite_PlacesUITests.swift in Sources */ = {isa = PBXBuildFile; fileRef = E88FE9B62361976E00D13930 /* Favorite_PlacesUITests.swift */; };
		E88FE9C523619FD800D13930 /* FavoritePlacesCollectionView.swift in Sources */ = {isa = PBXBuildFile; fileRef = E88FE9C423619FD800D13930 /* FavoritePlacesCollectionView.swift */; };
		E88FE9C72361A0CF00D13930 /* Extensions.swift in Sources */ = {isa = PBXBuildFile; fileRef = E88FE9C62361A0CF00D13930 /* Extensions.swift */; };
		E89BBD252361DE9300DD28FD /* Places.swift in Sources */ = {isa = PBXBuildFile; fileRef = E89BBD242361DE9300DD28FD /* Places.swift */; };
		E89BBD272361DEA000DD28FD /* PlacesAPI.swift in Sources */ = {isa = PBXBuildFile; fileRef = E89BBD262361DEA000DD28FD /* PlacesAPI.swift */; };
		E8C3C0242363325C003FADEA /* Extensions+UIView.swift in Sources */ = {isa = PBXBuildFile; fileRef = E8C3C0232363325C003FADEA /* Extensions+UIView.swift */; };
		E8C3C0262363327C003FADEA /* StretchyHeaderController.swift in Sources */ = {isa = PBXBuildFile; fileRef = E8C3C0252363327C003FADEA /* StretchyHeaderController.swift */; };
		E8C3C02823633294003FADEA /* HeaderView.swift in Sources */ = {isa = PBXBuildFile; fileRef = E8C3C02723633294003FADEA /* HeaderView.swift */; };
		E8C3C02A2363441C003FADEA /* StretchyHeaderCollectionView.swift in Sources */ = {isa = PBXBuildFile; fileRef = E8C3C0292363441C003FADEA /* StretchyHeaderCollectionView.swift */; };
/* End PBXBuildFile section */

/* Begin PBXContainerItemProxy section */
		E88FE9A82361976E00D13930 /* PBXContainerItemProxy */ = {
			isa = PBXContainerItemProxy;
			containerPortal = E88FE9892361976D00D13930 /* Project object */;
			proxyType = 1;
			remoteGlobalIDString = E88FE9902361976D00D13930;
			remoteInfo = "Favorite Places";
		};
		E88FE9B32361976E00D13930 /* PBXContainerItemProxy */ = {
			isa = PBXContainerItemProxy;
			containerPortal = E88FE9892361976D00D13930 /* Project object */;
			proxyType = 1;
			remoteGlobalIDString = E88FE9902361976D00D13930;
			remoteInfo = "Favorite Places";
		};
/* End PBXContainerItemProxy section */

/* Begin PBXFileReference section */
		E88FE9912361976D00D13930 /* Favorite Places.app */ = {isa = PBXFileReference; explicitFileType = wrapper.application; includeInIndex = 0; path = "Favorite Places.app"; sourceTree = BUILT_PRODUCTS_DIR; };
		E88FE9942361976D00D13930 /* AppDelegate.swift */ = {isa = PBXFileReference; lastKnownFileType = sourcecode.swift; path = AppDelegate.swift; sourceTree = "<group>"; };
		E88FE9962361976D00D13930 /* SceneDelegate.swift */ = {isa = PBXFileReference; lastKnownFileType = sourcecode.swift; path = SceneDelegate.swift; sourceTree = "<group>"; };
		E88FE9982361976D00D13930 /* HomeViewController.swift */ = {isa = PBXFileReference; lastKnownFileType = sourcecode.swift; path = HomeViewController.swift; sourceTree = "<group>"; };
		E88FE99D2361976E00D13930 /* Assets.xcassets */ = {isa = PBXFileReference; lastKnownFileType = folder.assetcatalog; path = Assets.xcassets; sourceTree = "<group>"; };
		E88FE9A02361976E00D13930 /* Base */ = {isa = PBXFileReference; lastKnownFileType = file.storyboard; name = Base; path = Base.lproj/LaunchScreen.storyboard; sourceTree = "<group>"; };
		E88FE9A22361976E00D13930 /* Info.plist */ = {isa = PBXFileReference; lastKnownFileType = text.plist.xml; path = Info.plist; sourceTree = "<group>"; };
		E88FE9A72361976E00D13930 /* Favorite PlacesTests.xctest */ = {isa = PBXFileReference; explicitFileType = wrapper.cfbundle; includeInIndex = 0; path = "Favorite PlacesTests.xctest"; sourceTree = BUILT_PRODUCTS_DIR; };
		E88FE9AB2361976E00D13930 /* Favorite_PlacesTests.swift */ = {isa = PBXFileReference; lastKnownFileType = sourcecode.swift; path = Favorite_PlacesTests.swift; sourceTree = "<group>"; };
		E88FE9AD2361976E00D13930 /* Info.plist */ = {isa = PBXFileReference; lastKnownFileType = text.plist.xml; path = Info.plist; sourceTree = "<group>"; };
		E88FE9B22361976E00D13930 /* Favorite PlacesUITests.xctest */ = {isa = PBXFileReference; explicitFileType = wrapper.cfbundle; includeInIndex = 0; path = "Favorite PlacesUITests.xctest"; sourceTree = BUILT_PRODUCTS_DIR; };
		E88FE9B62361976E00D13930 /* Favorite_PlacesUITests.swift */ = {isa = PBXFileReference; lastKnownFileType = sourcecode.swift; path = Favorite_PlacesUITests.swift; sourceTree = "<group>"; };
		E88FE9B82361976E00D13930 /* Info.plist */ = {isa = PBXFileReference; lastKnownFileType = text.plist.xml; path = Info.plist; sourceTree = "<group>"; };
		E88FE9C423619FD800D13930 /* FavoritePlacesCollectionView.swift */ = {isa = PBXFileReference; lastKnownFileType = sourcecode.swift; path = FavoritePlacesCollectionView.swift; sourceTree = "<group>"; };
		E88FE9C62361A0CF00D13930 /* Extensions.swift */ = {isa = PBXFileReference; lastKnownFileType = sourcecode.swift; path = Extensions.swift; sourceTree = "<group>"; };
		E89BBD242361DE9300DD28FD /* Places.swift */ = {isa = PBXFileReference; lastKnownFileType = sourcecode.swift; path = Places.swift; sourceTree = "<group>"; };
		E89BBD262361DEA000DD28FD /* PlacesAPI.swift */ = {isa = PBXFileReference; lastKnownFileType = sourcecode.swift; path = PlacesAPI.swift; sourceTree = "<group>"; };
		E8C3C0232363325C003FADEA /* Extensions+UIView.swift */ = {isa = PBXFileReference; lastKnownFileType = sourcecode.swift; path = "Extensions+UIView.swift"; sourceTree = "<group>"; };
		E8C3C0252363327C003FADEA /* StretchyHeaderController.swift */ = {isa = PBXFileReference; lastKnownFileType = sourcecode.swift; path = StretchyHeaderController.swift; sourceTree = "<group>"; };
		E8C3C02723633294003FADEA /* HeaderView.swift */ = {isa = PBXFileReference; lastKnownFileType = sourcecode.swift; path = HeaderView.swift; sourceTree = "<group>"; };
		E8C3C0292363441C003FADEA /* StretchyHeaderCollectionView.swift */ = {isa = PBXFileReference; lastKnownFileType = sourcecode.swift; path = StretchyHeaderCollectionView.swift; sourceTree = "<group>"; };
/* End PBXFileReference section */

/* Begin PBXFrameworksBuildPhase section */
		E88FE98E2361976D00D13930 /* Frameworks */ = {
			isa = PBXFrameworksBuildPhase;
			buildActionMask = 2147483647;
			files = (
			);
			runOnlyForDeploymentPostprocessing = 0;
		};
		E88FE9A42361976E00D13930 /* Frameworks */ = {
			isa = PBXFrameworksBuildPhase;
			buildActionMask = 2147483647;
			files = (
			);
			runOnlyForDeploymentPostprocessing = 0;
		};
		E88FE9AF2361976E00D13930 /* Frameworks */ = {
			isa = PBXFrameworksBuildPhase;
			buildActionMask = 2147483647;
			files = (
			);
			runOnlyForDeploymentPostprocessing = 0;
		};
/* End PBXFrameworksBuildPhase section */

/* Begin PBXGroup section */
		E88FE9882361976D00D13930 = {
			isa = PBXGroup;
			children = (
				E88FE9932361976D00D13930 /* Favorite Places */,
				E88FE9AA2361976E00D13930 /* Favorite PlacesTests */,
				E88FE9B52361976E00D13930 /* Favorite PlacesUITests */,
				E88FE9922361976D00D13930 /* Products */,
			);
			sourceTree = "<group>";
		};
		E88FE9922361976D00D13930 /* Products */ = {
			isa = PBXGroup;
			children = (
				E88FE9912361976D00D13930 /* Favorite Places.app */,
				E88FE9A72361976E00D13930 /* Favorite PlacesTests.xctest */,
				E88FE9B22361976E00D13930 /* Favorite PlacesUITests.xctest */,
			);
			name = Products;
			sourceTree = "<group>";
		};
		E88FE9932361976D00D13930 /* Favorite Places */ = {
			isa = PBXGroup;
			children = (
				E88FE9942361976D00D13930 /* AppDelegate.swift */,
				E88FE9962361976D00D13930 /* SceneDelegate.swift */,
				E88FE9C82361A10700D13930 /* Helpers */,
				E88FE9C92361A10E00D13930 /* Models */,
				E88FE9CA2361A11700D13930 /* Views */,
				E88FE9CB2361A11E00D13930 /* Controllers */,
				E88FE99D2361976E00D13930 /* Assets.xcassets */,
				E88FE99F2361976E00D13930 /* LaunchScreen.storyboard */,
				E88FE9A22361976E00D13930 /* Info.plist */,
			);
			path = "Favorite Places";
			sourceTree = "<group>";
		};
		E88FE9AA2361976E00D13930 /* Favorite PlacesTests */ = {
			isa = PBXGroup;
			children = (
				E88FE9AB2361976E00D13930 /* Favorite_PlacesTests.swift */,
				E88FE9AD2361976E00D13930 /* Info.plist */,
			);
			path = "Favorite PlacesTests";
			sourceTree = "<group>";
		};
		E88FE9B52361976E00D13930 /* Favorite PlacesUITests */ = {
			isa = PBXGroup;
			children = (
				E88FE9B62361976E00D13930 /* Favorite_PlacesUITests.swift */,
				E88FE9B82361976E00D13930 /* Info.plist */,
			);
			path = "Favorite PlacesUITests";
			sourceTree = "<group>";
		};
		E88FE9C82361A10700D13930 /* Helpers */ = {
			isa = PBXGroup;
			children = (
				E88FE9C62361A0CF00D13930 /* Extensions.swift */,
				E8C3C0232363325C003FADEA /* Extensions+UIView.swift */,
			);
			path = Helpers;
			sourceTree = "<group>";
		};
		E88FE9C92361A10E00D13930 /* Models */ = {
			isa = PBXGroup;
			children = (
				E89BBD242361DE9300DD28FD /* Places.swift */,
				E89BBD262361DEA000DD28FD /* PlacesAPI.swift */,
			);
			path = Models;
			sourceTree = "<group>";
		};
		E88FE9CA2361A11700D13930 /* Views */ = {
			isa = PBXGroup;
			children = (
				E88FE9C423619FD800D13930 /* FavoritePlacesCollectionView.swift */,
				E8C3C02723633294003FADEA /* HeaderView.swift */,
				E8C3C0292363441C003FADEA /* StretchyHeaderCollectionView.swift */,
			);
			path = Views;
			sourceTree = "<group>";
		};
		E88FE9CB2361A11E00D13930 /* Controllers */ = {
			isa = PBXGroup;
			children = (
				E88FE9982361976D00D13930 /* HomeViewController.swift */,
				E8C3C0252363327C003FADEA /* StretchyHeaderController.swift */,
			);
			path = Controllers;
			sourceTree = "<group>";
		};
/* End PBXGroup section */

/* Begin PBXNativeTarget section */
		E88FE9902361976D00D13930 /* Favorite Places */ = {
			isa = PBXNativeTarget;
			buildConfigurationList = E88FE9BB2361976E00D13930 /* Build configuration list for PBXNativeTarget "Favorite Places" */;
			buildPhases = (
				E88FE98D2361976D00D13930 /* Sources */,
				E88FE98E2361976D00D13930 /* Frameworks */,
				E88FE98F2361976D00D13930 /* Resources */,
			);
			buildRules = (
			);
			dependencies = (
			);
			name = "Favorite Places";
			productName = "Favorite Places";
			productReference = E88FE9912361976D00D13930 /* Favorite Places.app */;
			productType = "com.apple.product-type.application";
		};
		E88FE9A62361976E00D13930 /* Favorite PlacesTests */ = {
			isa = PBXNativeTarget;
			buildConfigurationList = E88FE9BE2361976E00D13930 /* Build configuration list for PBXNativeTarget "Favorite PlacesTests" */;
			buildPhases = (
				E88FE9A32361976E00D13930 /* Sources */,
				E88FE9A42361976E00D13930 /* Frameworks */,
				E88FE9A52361976E00D13930 /* Resources */,
			);
			buildRules = (
			);
			dependencies = (
				E88FE9A92361976E00D13930 /* PBXTargetDependency */,
			);
			name = "Favorite PlacesTests";
			productName = "Favorite PlacesTests";
			productReference = E88FE9A72361976E00D13930 /* Favorite PlacesTests.xctest */;
			productType = "com.apple.product-type.bundle.unit-test";
		};
		E88FE9B12361976E00D13930 /* Favorite PlacesUITests */ = {
			isa = PBXNativeTarget;
			buildConfigurationList = E88FE9C12361976E00D13930 /* Build configuration list for PBXNativeTarget "Favorite PlacesUITests" */;
			buildPhases = (
				E88FE9AE2361976E00D13930 /* Sources */,
				E88FE9AF2361976E00D13930 /* Frameworks */,
				E88FE9B02361976E00D13930 /* Resources */,
			);
			buildRules = (
			);
			dependencies = (
				E88FE9B42361976E00D13930 /* PBXTargetDependency */,
			);
			name = "Favorite PlacesUITests";
			productName = "Favorite PlacesUITests";
			productReference = E88FE9B22361976E00D13930 /* Favorite PlacesUITests.xctest */;
			productType = "com.apple.product-type.bundle.ui-testing";
		};
/* End PBXNativeTarget section */

/* Begin PBXProject section */
		E88FE9892361976D00D13930 /* Project object */ = {
			isa = PBXProject;
			attributes = {
				LastSwiftUpdateCheck = 1100;
				LastUpgradeCheck = 1100;
				ORGANIZATIONNAME = "aidin ahmadian";
				TargetAttributes = {
					E88FE9902361976D00D13930 = {
						CreatedOnToolsVersion = 11.0;
					};
					E88FE9A62361976E00D13930 = {
						CreatedOnToolsVersion = 11.0;
						TestTargetID = E88FE9902361976D00D13930;
					};
					E88FE9B12361976E00D13930 = {
						CreatedOnToolsVersion = 11.0;
						TestTargetID = E88FE9902361976D00D13930;
					};
				};
			};
			buildConfigurationList = E88FE98C2361976D00D13930 /* Build configuration list for PBXProject "Favorite Places" */;
			compatibilityVersion = "Xcode 9.3";
			developmentRegion = en;
			hasScannedForEncodings = 0;
			knownRegions = (
				en,
				Base,
			);
			mainGroup = E88FE9882361976D00D13930;
			productRefGroup = E88FE9922361976D00D13930 /* Products */;
			projectDirPath = "";
			projectRoot = "";
			targets = (
				E88FE9902361976D00D13930 /* Favorite Places */,
				E88FE9A62361976E00D13930 /* Favorite PlacesTests */,
				E88FE9B12361976E00D13930 /* Favorite PlacesUITests */,
			);
		};
/* End PBXProject section */

/* Begin PBXResourcesBuildPhase section */
		E88FE98F2361976D00D13930 /* Resources */ = {
			isa = PBXResourcesBuildPhase;
			buildActionMask = 2147483647;
			files = (
				E88FE9A12361976E00D13930 /* LaunchScreen.storyboard in Resources */,
				E88FE99E2361976E00D13930 /* Assets.xcassets in Resources */,
			);
			runOnlyForDeploymentPostprocessing = 0;
		};
		E88FE9A52361976E00D13930 /* Resources */ = {
			isa = PBXResourcesBuildPhase;
			buildActionMask = 2147483647;
			files = (
			);
			runOnlyForDeploymentPostprocessing = 0;
		};
		E88FE9B02361976E00D13930 /* Resources */ = {
			isa = PBXResourcesBuildPhase;
			buildActionMask = 2147483647;
			files = (
			);
			runOnlyForDeploymentPostprocessing = 0;
		};
/* End PBXResourcesBuildPhase section */

/* Begin PBXSourcesBuildPhase section */
		E88FE98D2361976D00D13930 /* Sources */ = {
			isa = PBXSourcesBuildPhase;
			buildActionMask = 2147483647;
			files = (
				E89BBD272361DEA000DD28FD /* PlacesAPI.swift in Sources */,
				E88FE9C72361A0CF00D13930 /* Extensions.swift in Sources */,
				E8C3C0262363327C003FADEA /* StretchyHeaderController.swift in Sources */,
				E8C3C0242363325C003FADEA /* Extensions+UIView.swift in Sources */,
				E88FE9C523619FD800D13930 /* FavoritePlacesCollectionView.swift in Sources */,
				E88FE9992361976D00D13930 /* HomeViewController.swift in Sources */,
				E8C3C02A2363441C003FADEA /* StretchyHeaderCollectionView.swift in Sources */,
				E8C3C02823633294003FADEA /* HeaderView.swift in Sources */,
				E88FE9952361976D00D13930 /* AppDelegate.swift in Sources */,
				E88FE9972361976D00D13930 /* SceneDelegate.swift in Sources */,
				E89BBD252361DE9300DD28FD /* Places.swift in Sources */,
			);
			runOnlyForDeploymentPostprocessing = 0;
		};
		E88FE9A32361976E00D13930 /* Sources */ = {
			isa = PBXSourcesBuildPhase;
			buildActionMask = 2147483647;
			files = (
				E88FE9AC2361976E00D13930 /* Favorite_PlacesTests.swift in Sources */,
			);
			runOnlyForDeploymentPostprocessing = 0;
		};
		E88FE9AE2361976E00D13930 /* Sources */ = {
			isa = PBXSourcesBuildPhase;
			buildActionMask = 2147483647;
			files = (
				E88FE9B72361976E00D13930 /* Favorite_PlacesUITests.swift in Sources */,
			);
			runOnlyForDeploymentPostprocessing = 0;
		};
/* End PBXSourcesBuildPhase section */

/* Begin PBXTargetDependency section */
		E88FE9A92361976E00D13930 /* PBXTargetDependency */ = {
			isa = PBXTargetDependency;
			target = E88FE9902361976D00D13930 /* Favorite Places */;
			targetProxy = E88FE9A82361976E00D13930 /* PBXContainerItemProxy */;
		};
		E88FE9B42361976E00D13930 /* PBXTargetDependency */ = {
			isa = PBXTargetDependency;
			target = E88FE9902361976D00D13930 /* Favorite Places */;
			targetProxy = E88FE9B32361976E00D13930 /* PBXContainerItemProxy */;
		};
/* End PBXTargetDependency section */

/* Begin PBXVariantGroup section */
		E88FE99F2361976E00D13930 /* LaunchScreen.storyboard */ = {
			isa = PBXVariantGroup;
			children = (
				E88FE9A02361976E00D13930 /* Base */,
			);
			name = LaunchScreen.storyboard;
			sourceTree = "<group>";
		};
/* End PBXVariantGroup section */

/* Begin XCBuildConfiguration section */
		E88FE9B92361976E00D13930 /* Debug */ = {
			isa = XCBuildConfiguration;
			buildSettings = {
				ALWAYS_SEARCH_USER_PATHS = NO;
				CLANG_ANALYZER_NONNULL = YES;
				CLANG_ANALYZER_NUMBER_OBJECT_CONVERSION = YES_AGGRESSIVE;
				CLANG_CXX_LANGUAGE_STANDARD = "gnu++14";
				CLANG_CXX_LIBRARY = "libc++";
				CLANG_ENABLE_MODULES = YES;
				CLANG_ENABLE_OBJC_ARC = YES;
				CLANG_ENABLE_OBJC_WEAK = YES;
				CLANG_WARN_BLOCK_CAPTURE_AUTORELEASING = YES;
				CLANG_WARN_BOOL_CONVERSION = YES;
				CLANG_WARN_COMMA = YES;
				CLANG_WARN_CONSTANT_CONVERSION = YES;
				CLANG_WARN_DEPRECATED_OBJC_IMPLEMENTATIONS = YES;
				CLANG_WARN_DIRECT_OBJC_ISA_USAGE = YES_ERROR;
				CLANG_WARN_DOCUMENTATION_COMMENTS = YES;
				CLANG_WARN_EMPTY_BODY = YES;
				CLANG_WARN_ENUM_CONVERSION = YES;
				CLANG_WARN_INFINITE_RECURSION = YES;
				CLANG_WARN_INT_CONVERSION = YES;
				CLANG_WARN_NON_LITERAL_NULL_CONVERSION = YES;
				CLANG_WARN_OBJC_IMPLICIT_RETAIN_SELF = YES;
				CLANG_WARN_OBJC_LITERAL_CONVERSION = YES;
				CLANG_WARN_OBJC_ROOT_CLASS = YES_ERROR;
				CLANG_WARN_RANGE_LOOP_ANALYSIS = YES;
				CLANG_WARN_STRICT_PROTOTYPES = YES;
				CLANG_WARN_SUSPICIOUS_MOVE = YES;
				CLANG_WARN_UNGUARDED_AVAILABILITY = YES_AGGRESSIVE;
				CLANG_WARN_UNREACHABLE_CODE = YES;
				CLANG_WARN__DUPLICATE_METHOD_MATCH = YES;
				COPY_PHASE_STRIP = NO;
				DEBUG_INFORMATION_FORMAT = dwarf;
				ENABLE_STRICT_OBJC_MSGSEND = YES;
				ENABLE_TESTABILITY = YES;
				GCC_C_LANGUAGE_STANDARD = gnu11;
				GCC_DYNAMIC_NO_PIC = NO;
				GCC_NO_COMMON_BLOCKS = YES;
				GCC_OPTIMIZATION_LEVEL = 0;
				GCC_PREPROCESSOR_DEFINITIONS = (
					"DEBUG=1",
					"$(inherited)",
				);
				GCC_WARN_64_TO_32_BIT_CONVERSION = YES;
				GCC_WARN_ABOUT_RETURN_TYPE = YES_ERROR;
				GCC_WARN_UNDECLARED_SELECTOR = YES;
				GCC_WARN_UNINITIALIZED_AUTOS = YES_AGGRESSIVE;
				GCC_WARN_UNUSED_FUNCTION = YES;
				GCC_WARN_UNUSED_VARIABLE = YES;
				IPHONEOS_DEPLOYMENT_TARGET = 13.0;
				MTL_ENABLE_DEBUG_INFO = INCLUDE_SOURCE;
				MTL_FAST_MATH = YES;
				ONLY_ACTIVE_ARCH = YES;
				SDKROOT = iphoneos;
				SWIFT_ACTIVE_COMPILATION_CONDITIONS = DEBUG;
				SWIFT_OPTIMIZATION_LEVEL = "-Onone";
			};
			name = Debug;
		};
		E88FE9BA2361976E00D13930 /* Release */ = {
			isa = XCBuildConfiguration;
			buildSettings = {
				ALWAYS_SEARCH_USER_PATHS = NO;
				CLANG_ANALYZER_NONNULL = YES;
				CLANG_ANALYZER_NUMBER_OBJECT_CONVERSION = YES_AGGRESSIVE;
				CLANG_CXX_LANGUAGE_STANDARD = "gnu++14";
				CLANG_CXX_LIBRARY = "libc++";
				CLANG_ENABLE_MODULES = YES;
				CLANG_ENABLE_OBJC_ARC = YES;
				CLANG_ENABLE_OBJC_WEAK = YES;
				CLANG_WARN_BLOCK_CAPTURE_AUTORELEASING = YES;
				CLANG_WARN_BOOL_CONVERSION = YES;
				CLANG_WARN_COMMA = YES;
				CLANG_WARN_CONSTANT_CONVERSION = YES;
				CLANG_WARN_DEPRECATED_OBJC_IMPLEMENTATIONS = YES;
				CLANG_WARN_DIRECT_OBJC_ISA_USAGE = YES_ERROR;
				CLANG_WARN_DOCUMENTATION_COMMENTS = YES;
				CLANG_WARN_EMPTY_BODY = YES;
				CLANG_WARN_ENUM_CONVERSION = YES;
				CLANG_WARN_INFINITE_RECURSION = YES;
				CLANG_WARN_INT_CONVERSION = YES;
				CLANG_WARN_NON_LITERAL_NULL_CONVERSION = YES;
				CLANG_WARN_OBJC_IMPLICIT_RETAIN_SELF = YES;
				CLANG_WARN_OBJC_LITERAL_CONVERSION = YES;
				CLANG_WARN_OBJC_ROOT_CLASS = YES_ERROR;
				CLANG_WARN_RANGE_LOOP_ANALYSIS = YES;
				CLANG_WARN_STRICT_PROTOTYPES = YES;
				CLANG_WARN_SUSPICIOUS_MOVE = YES;
				CLANG_WARN_UNGUARDED_AVAILABILITY = YES_AGGRESSIVE;
				CLANG_WARN_UNREACHABLE_CODE = YES;
				CLANG_WARN__DUPLICATE_METHOD_MATCH = YES;
				COPY_PHASE_STRIP = NO;
				DEBUG_INFORMATION_FORMAT = "dwarf-with-dsym";
				ENABLE_NS_ASSERTIONS = NO;
				ENABLE_STRICT_OBJC_MSGSEND = YES;
				GCC_C_LANGUAGE_STANDARD = gnu11;
				GCC_NO_COMMON_BLOCKS = YES;
				GCC_WARN_64_TO_32_BIT_CONVERSION = YES;
				GCC_WARN_ABOUT_RETURN_TYPE = YES_ERROR;
				GCC_WARN_UNDECLARED_SELECTOR = YES;
				GCC_WARN_UNINITIALIZED_AUTOS = YES_AGGRESSIVE;
				GCC_WARN_UNUSED_FUNCTION = YES;
				GCC_WARN_UNUSED_VARIABLE = YES;
				IPHONEOS_DEPLOYMENT_TARGET = 13.0;
				MTL_ENABLE_DEBUG_INFO = NO;
				MTL_FAST_MATH = YES;
				SDKROOT = iphoneos;
				SWIFT_COMPILATION_MODE = wholemodule;
				SWIFT_OPTIMIZATION_LEVEL = "-O";
				VALIDATE_PRODUCT = YES;
			};
			name = Release;
		};
		E88FE9BC2361976E00D13930 /* Debug */ = {
			isa = XCBuildConfiguration;
			buildSettings = {
				ASSETCATALOG_COMPILER_APPICON_NAME = AppIcon;
				CODE_SIGN_STYLE = Automatic;
				INFOPLIST_FILE = "Favorite Places/Info.plist";
				LD_RUNPATH_SEARCH_PATHS = (
					"$(inherited)",
					"@executable_path/Frameworks",
				);
				PRODUCT_BUNDLE_IDENTIFIER = "aidinahmadian.Favorite-Places";
				PRODUCT_NAME = "$(TARGET_NAME)";
				SWIFT_VERSION = 5.0;
				TARGETED_DEVICE_FAMILY = "1,2";
			};
			name = Debug;
		};
		E88FE9BD2361976E00D13930 /* Release */ = {
			isa = XCBuildConfiguration;
			buildSettings = {
				ASSETCATALOG_COMPILER_APPICON_NAME = AppIcon;
				CODE_SIGN_STYLE = Automatic;
				INFOPLIST_FILE = "Favorite Places/Info.plist";
				LD_RUNPATH_SEARCH_PATHS = (
					"$(inherited)",
					"@executable_path/Frameworks",
				);
				PRODUCT_BUNDLE_IDENTIFIER = "aidinahmadian.Favorite-Places";
				PRODUCT_NAME = "$(TARGET_NAME)";
				SWIFT_VERSION = 5.0;
				TARGETED_DEVICE_FAMILY = "1,2";
			};
			name = Release;
		};
		E88FE9BF2361976E00D13930 /* Debug */ = {
			isa = XCBuildConfiguration;
			buildSettings = {
				ALWAYS_EMBED_SWIFT_STANDARD_LIBRARIES = YES;
				BUNDLE_LOADER = "$(TEST_HOST)";
				CODE_SIGN_STYLE = Automatic;
				INFOPLIST_FILE = "Favorite PlacesTests/Info.plist";
				IPHONEOS_DEPLOYMENT_TARGET = 13.0;
				LD_RUNPATH_SEARCH_PATHS = (
					"$(inherited)",
					"@executable_path/Frameworks",
					"@loader_path/Frameworks",
				);
				PRODUCT_BUNDLE_IDENTIFIER = "aidinahmadian.Favorite-PlacesTests";
				PRODUCT_NAME = "$(TARGET_NAME)";
				SWIFT_VERSION = 5.0;
				TARGETED_DEVICE_FAMILY = "1,2";
				TEST_HOST = "$(BUILT_PRODUCTS_DIR)/Favorite Places.app/Favorite Places";
			};
			name = Debug;
		};
		E88FE9C02361976E00D13930 /* Release */ = {
			isa = XCBuildConfiguration;
			buildSettings = {
				ALWAYS_EMBED_SWIFT_STANDARD_LIBRARIES = YES;
				BUNDLE_LOADER = "$(TEST_HOST)";
				CODE_SIGN_STYLE = Automatic;
				INFOPLIST_FILE = "Favorite PlacesTests/Info.plist";
				IPHONEOS_DEPLOYMENT_TARGET = 13.0;
				LD_RUNPATH_SEARCH_PATHS = (
					"$(inherited)",
					"@executable_path/Frameworks",
					"@loader_path/Frameworks",
				);
				PRODUCT_BUNDLE_IDENTIFIER = "aidinahmadian.Favorite-PlacesTests";
				PRODUCT_NAME = "$(TARGET_NAME)";
				SWIFT_VERSION = 5.0;
				TARGETED_DEVICE_FAMILY = "1,2";
				TEST_HOST = "$(BUILT_PRODUCTS_DIR)/Favorite Places.app/Favorite Places";
			};
			name = Release;
		};
		E88FE9C22361976E00D13930 /* Debug */ = {
			isa = XCBuildConfiguration;
			buildSettings = {
				ALWAYS_EMBED_SWIFT_STANDARD_LIBRARIES = YES;
				CODE_SIGN_STYLE = Automatic;
				INFOPLIST_FILE = "Favorite PlacesUITests/Info.plist";
				LD_RUNPATH_SEARCH_PATHS = (
					"$(inherited)",
					"@executable_path/Frameworks",
					"@loader_path/Frameworks",
				);
				PRODUCT_BUNDLE_IDENTIFIER = "aidinahmadian.Favorite-PlacesUITests";
				PRODUCT_NAME = "$(TARGET_NAME)";
				SWIFT_VERSION = 5.0;
				TARGETED_DEVICE_FAMILY = "1,2";
				TEST_TARGET_NAME = "Favorite Places";
			};
			name = Debug;
		};
		E88FE9C32361976E00D13930 /* Release */ = {
			isa = XCBuildConfiguration;
			buildSettings = {
				ALWAYS_EMBED_SWIFT_STANDARD_LIBRARIES = YES;
				CODE_SIGN_STYLE = Automatic;
				INFOPLIST_FILE = "Favorite PlacesUITests/Info.plist";
				LD_RUNPATH_SEARCH_PATHS = (
					"$(inherited)",
					"@executable_path/Frameworks",
					"@loader_path/Frameworks",
				);
				PRODUCT_BUNDLE_IDENTIFIER = "aidinahmadian.Favorite-PlacesUITests";
				PRODUCT_NAME = "$(TARGET_NAME)";
				SWIFT_VERSION = 5.0;
				TARGETED_DEVICE_FAMILY = "1,2";
				TEST_TARGET_NAME = "Favorite Places";
			};
			name = Release;
		};
/* End XCBuildConfiguration section */

/* Begin XCConfigurationList section */
		E88FE98C2361976D00D13930 /* Build configuration list for PBXProject "Favorite Places" */ = {
			isa = XCConfigurationList;
			buildConfigurations = (
				E88FE9B92361976E00D13930 /* Debug */,
				E88FE9BA2361976E00D13930 /* Release */,
			);
			defaultConfigurationIsVisible = 0;
			defaultConfigurationName = Release;
		};
		E88FE9BB2361976E00D13930 /* Build configuration list for PBXNativeTarget "Favorite Places" */ = {
			isa = XCConfigurationList;
			buildConfigurations = (
				E88FE9BC2361976E00D13930 /* Debug */,
				E88FE9BD2361976E00D13930 /* Release */,
			);
			defaultConfigurationIsVisible = 0;
			defaultConfigurationName = Release;
		};
		E88FE9BE2361976E00D13930 /* Build configuration list for PBXNativeTarget "Favorite PlacesTests" */ = {
			isa = XCConfigurationList;
			buildConfigurations = (
				E88FE9BF2361976E00D13930 /* Debug */,
				E88FE9C02361976E00D13930 /* Release */,
			);
			defaultConfigurationIsVisible = 0;
			defaultConfigurationName = Release;
		};
		E88FE9C12361976E00D13930 /* Build configuration list for PBXNativeTarget "Favorite PlacesUITests" */ = {
			isa = XCConfigurationList;
			buildConfigurations = (
				E88FE9C22361976E00D13930 /* Debug */,
				E88FE9C32361976E00D13930 /* Release */,
			);
			defaultConfigurationIsVisible = 0;
			defaultConfigurationName = Release;
		};
/* End XCConfigurationList section */
	};
	rootObject = E88FE9892361976D00D13930 /* Project object */;
}
